<?xml version="1.0" encoding="utf-8"?>
<Project ToolsVersion="4.0" xmlns="http://schemas.microsoft.com/developer/msbuild/2003">
  <ItemGroup>
    <Filter Include="Source Files">
      <UniqueIdentifier>{bc9f7dca-9aa8-4207-b6f2-d46829fa1dfe}</UniqueIdentifier>
      <Extensions>cpp;c;cxx;rc;def;r;odl;idl;hpj;bat</Extensions>
    </Filter>
    <Filter Include="Header Files">
      <UniqueIdentifier>{a1655756-56fe-46e6-ba66-185e8e1466ad}</UniqueIdentifier>
      <Extensions>h;hpp;hxx;hm;inl</Extensions>
    </Filter>
    <Filter Include="Resource Files">
      <UniqueIdentifier>{8a2f6848-486c-4c0b-a9da-b3981133613a}</UniqueIdentifier>
      <Extensions>ico;cur;bmp;dlg;rc2;rct;bin;rgs;gif;jpg;jpeg;jpe</Extensions>
    </Filter>
  </ItemGroup>
  <ItemGroup>
    <ClCompile Include="FixHtmlView.cpp">
      <Filter>Source Files</Filter>
    </ClCompile>
    <ClCompile Include="RSSBase.cpp">
      <Filter>Source Files</Filter>
    </ClCompile>
    <ClCompile Include="RssCtrl.cpp">
      <Filter>Source Files</Filter>
    </ClCompile>
    <ClCompile Include="RSSList.cpp">
      <Filter>Source Files</Filter>
    </ClCompile>
    <ClCompile Include="RSSPlugin.cpp">
      <Filter>Source Files</Filter>
    </ClCompile>
    <ClCompile Include="RssWnd.cpp">
      <Filter>Source Files</Filter>
    </ClCompile>
    <ClCompile Include="SepBtn.cpp">
      <Filter>Source Files</Filter>
    </ClCompile>
    <ClCompile Include="SetDlg.cpp">
      <Filter>Source Files</Filter>
    </ClCompile>
    <ClCompile Include="StdAfx.cpp">
      <Filter>Source Files</Filter>
    </ClCompile>
  </ItemGroup>
  <ItemGroup>
    <ResourceCompile Include="RSSPlugin.rc">
      <Filter>Source Files</Filter>
    </ResourceCompile>
  </ItemGroup>
  <ItemGroup>
    <ClInclude Include="FixHtmlView.h">
      <Filter>Header Files</Filter>
    </ClInclude>
    <ClInclude Include="Resource.h">
      <Filter>Header Files</Filter>
    </ClInclude>
    <ClInclude Include="RSSBase.h">
      <Filter>Header Files</Filter>
    </ClInclude>
    <ClInclude Include="RssCtrl.h">
      <Filter>Header Files</Filter>
    </ClInclude>
    <ClInclude Include="RSSList.h">
      <Filter>Header Files</Filter>
    </ClInclude>
    <ClInclude Include="RSSPlugin.h">
      <Filter>Header Files</Filter>
    </ClInclude>
    <ClInclude Include="RSSPluginCommon.h">
      <Filter>Header Files</Filter>
    </ClInclude>
    <ClInclude Include="RssWnd.h">
      <Filter>Header Files</Filter>
    </ClInclude>
    <ClInclude Include="SepBtn.h">
      <Filter>Header Files</Filter>
    </ClInclude>
    <ClInclude Include="SetDlg.h">
      <Filter>Header Files</Filter>
    </ClInclude>
    <ClInclude Include="StdAfx.h">
      <Filter>Header Files</Filter>
    </ClInclude>
  </ItemGroup>
  <ItemGroup>
    <CustomBuild Include="RSSPlugin.def">
      <Filter>Source Files</Filter>
    </CustomBuild>
    <CustomBuild Include="res\RSSPlugin.rc2">
      <Filter>Resource Files</Filter>
    </CustomBuild>
    <CustomBuild Include="ReadMe.txt" />
  </ItemGroup>
</Project>