
Microsoft Visual Studio Solution File, Format Version 11.00
# Visual Studio 2010
Project("{8BC9CEB8-8B4A-11D0-8D11-00A0C91BC942}") = "BinderPlugin", "BinderPlugin\src\BinderPlugin.vcxproj", "{3557EEC4-9C20-2FE9-A62C-5C1314B00985}"
	ProjectSection(ProjectDependencies) = postProject
		{1A622BA3-F1C6-8E37-2D38-7F3F4EFA06B9} = {1A622BA3-F1C6-8E37-2D38-7F3F4EFA06B9}
		{6549A5DC-7813-81B6-F2C5-C136894C6CB9} = {6549A5DC-7813-81B6-F2C5-C136894C6CB9}
		{F572F1CB-69F0-29CB-7232-B9FF881BC8F3} = {F572F1CB-69F0-29CB-7232-B9FF881BC8F3}
		{AE8C07FE-4C4C-7BF6-4958-01C9DB833EF6} = {AE8C07FE-4C4C-7BF6-4958-01C9DB833EF6}
		{7DC65143-6921-F8C9-7C38-2DDE71BB1A10} = {7DC65143-6921-F8C9-7C38-2DDE71BB1A10}
	EndProjectSection
EndProject
Project("{8BC9CEB8-8B4A-11D0-8D11-00A0C91BC942}") = "DrawerCore", "..\project_dev_lib\DrawerCore\src\DrawerCore.vcxproj", "{22047A41-9821-91C6-7BC0-A1B22C3D2FFA}"
EndProject
Project("{8BC9CEB8-8B4A-11D0-8D11-00A0C91BC942}") = "DrawerPlugin", "DrawerPlugin\src\DrawerPlugin.vcxproj", "{E389779A-1205-E830-BDAD-889635BD0D11}"
	ProjectSection(ProjectDependencies) = postProject
		{1A622BA3-F1C6-8E37-2D38-7F3F4EFA06B9} = {1A622BA3-F1C6-8E37-2D38-7F3F4EFA06B9}
		{6549A5DC-7813-81B6-F2C5-C136894C6CB9} = {6549A5DC-7813-81B6-F2C5-C136894C6CB9}
		{F572F1CB-69F0-29CB-7232-B9FF881BC8F3} = {F572F1CB-69F0-29CB-7232-B9FF881BC8F3}
		{AE8C07FE-4C4C-7BF6-4958-01C9DB833EF6} = {AE8C07FE-4C4C-7BF6-4958-01C9DB833EF6}
		{7DC65143-6921-F8C9-7C38-2DDE71BB1A10} = {7DC65143-6921-F8C9-7C38-2DDE71BB1A10}
	EndProjectSection
EndProject
Project("{8BC9CEB8-8B4A-11D0-8D11-00A0C91BC942}") = "ExcelExportPlugin", "MsExcelExportPlugin\src\ExcelExportPlugin.vcxproj", "{66DBB7F6-5983-8999-EBE6-0EF389DDFC3C}"
	ProjectSection(ProjectDependencies) = postProject
		{7DC65143-6921-F8C9-7C38-2DDE71BB1A10} = {7DC65143-6921-F8C9-7C38-2DDE71BB1A10}
	EndProjectSection
EndProject
Project("{8BC9CEB8-8B4A-11D0-8D11-00A0C91BC942}") = "PersonalWiki", "src\PersonalWiki.vcxproj", "{1E9274F2-1326-CEAC-975D-7C34ED37D6F6}"
	ProjectSection(ProjectDependencies) = postProject
		{1A622BA3-F1C6-8E37-2D38-7F3F4EFA06B9} = {1A622BA3-F1C6-8E37-2D38-7F3F4EFA06B9}
		{6549A5DC-7813-81B6-F2C5-C136894C6CB9} = {6549A5DC-7813-81B6-F2C5-C136894C6CB9}
		{F572F1CB-69F0-29CB-7232-B9FF881BC8F3} = {F572F1CB-69F0-29CB-7232-B9FF881BC8F3}
		{AE8C07FE-4C4C-7BF6-4958-01C9DB833EF6} = {AE8C07FE-4C4C-7BF6-4958-01C9DB833EF6}
		{7DC65143-6921-F8C9-7C38-2DDE71BB1A10} = {7DC65143-6921-F8C9-7C38-2DDE71BB1A10}
		{C40D41AB-93A4-108B-0366-CC557074E996} = {C40D41AB-93A4-108B-0366-CC557074E996}
		{E389779A-1205-E830-BDAD-889635BD0D11} = {E389779A-1205-E830-BDAD-889635BD0D11}
		{3557EEC4-9C20-2FE9-A62C-5C1314B00985} = {3557EEC4-9C20-2FE9-A62C-5C1314B00985}
		{22047A41-9821-91C6-7BC0-A1B22C3D2FFA} = {22047A41-9821-91C6-7BC0-A1B22C3D2FFA}
	EndProjectSection
EndProject
Project("{8BC9CEB8-8B4A-11D0-8D11-00A0C91BC942}") = "PluginLib", "PluginLib\src\PluginLib.vcxproj", "{7DC65143-6921-F8C9-7C38-2DDE71BB1A10}"
	ProjectSection(ProjectDependencies) = postProject
		{1A622BA3-F1C6-8E37-2D38-7F3F4EFA06B9} = {1A622BA3-F1C6-8E37-2D38-7F3F4EFA06B9}
		{6549A5DC-7813-81B6-F2C5-C136894C6CB9} = {6549A5DC-7813-81B6-F2C5-C136894C6CB9}
		{F572F1CB-69F0-29CB-7232-B9FF881BC8F3} = {F572F1CB-69F0-29CB-7232-B9FF881BC8F3}
		{AE8C07FE-4C4C-7BF6-4958-01C9DB833EF6} = {AE8C07FE-4C4C-7BF6-4958-01C9DB833EF6}
	EndProjectSection
EndProject
Project("{8BC9CEB8-8B4A-11D0-8D11-00A0C91BC942}") = "RSSPlugin", "RSSPlugin\src\RSSPlugin.vcxproj", "{C40D41AB-93A4-108B-0366-CC557074E996}"
	ProjectSection(ProjectDependencies) = postProject
		{1A622BA3-F1C6-8E37-2D38-7F3F4EFA06B9} = {1A622BA3-F1C6-8E37-2D38-7F3F4EFA06B9}
		{6549A5DC-7813-81B6-F2C5-C136894C6CB9} = {6549A5DC-7813-81B6-F2C5-C136894C6CB9}
		{F572F1CB-69F0-29CB-7232-B9FF881BC8F3} = {F572F1CB-69F0-29CB-7232-B9FF881BC8F3}
		{AE8C07FE-4C4C-7BF6-4958-01C9DB833EF6} = {AE8C07FE-4C4C-7BF6-4958-01C9DB833EF6}
		{7DC65143-6921-F8C9-7C38-2DDE71BB1A10} = {7DC65143-6921-F8C9-7C38-2DDE71BB1A10}
	EndProjectSection
EndProject
Project("{8BC9CEB8-8B4A-11D0-8D11-00A0C91BC942}") = "WordExportPlugin", "MsWordExportPlugin\src\WordExportPlugin.vcxproj", "{49DF53F2-C356-6185-22F2-E083FC29B7A3}"
	ProjectSection(ProjectDependencies) = postProject
		{7DC65143-6921-F8C9-7C38-2DDE71BB1A10} = {7DC65143-6921-F8C9-7C38-2DDE71BB1A10}
	EndProjectSection
EndProject
Project("{8BC9CEB8-8B4A-11D0-8D11-00A0C91BC942}") = "devjava", "..\project_dev_lib\devjava\src\devjava.vcxproj", "{1A622BA3-F1C6-8E37-2D38-7F3F4EFA06B9}"
	ProjectSection(ProjectDependencies) = postProject
		{AE8C07FE-4C4C-7BF6-4958-01C9DB833EF6} = {AE8C07FE-4C4C-7BF6-4958-01C9DB833EF6}
	EndProjectSection
EndProject
Project("{8BC9CEB8-8B4A-11D0-8D11-00A0C91BC942}") = "devlib", "..\project_dev_lib\devlib\src\devlib.vcxproj", "{6549A5DC-7813-81B6-F2C5-C136894C6CB9}"
	ProjectSection(ProjectDependencies) = postProject
		{1A622BA3-F1C6-8E37-2D38-7F3F4EFA06B9} = {1A622BA3-F1C6-8E37-2D38-7F3F4EFA06B9}
		{AE8C07FE-4C4C-7BF6-4958-01C9DB833EF6} = {AE8C07FE-4C4C-7BF6-4958-01C9DB833EF6}
	EndProjectSection
EndProject
Project("{8BC9CEB8-8B4A-11D0-8D11-00A0C91BC942}") = "devmfc", "..\project_dev_lib\devmfc\src\devmfc.vcxproj", "{F572F1CB-69F0-29CB-7232-B9FF881BC8F3}"
	ProjectSection(ProjectDependencies) = postProject
		{1A622BA3-F1C6-8E37-2D38-7F3F4EFA06B9} = {1A622BA3-F1C6-8E37-2D38-7F3F4EFA06B9}
		{6549A5DC-7813-81B6-F2C5-C136894C6CB9} = {6549A5DC-7813-81B6-F2C5-C136894C6CB9}
		{AE8C07FE-4C4C-7BF6-4958-01C9DB833EF6} = {AE8C07FE-4C4C-7BF6-4958-01C9DB833EF6}
	EndProjectSection
EndProject
Project("{8BC9CEB8-8B4A-11D0-8D11-00A0C91BC942}") = "devstaticlib", "..\project_dev_lib\devstaticlib\src\devstaticlib.vcxproj", "{AE8C07FE-4C4C-7BF6-4958-01C9DB833EF6}"
EndProject
Global
	GlobalSection(SolutionConfigurationPlatforms) = preSolution
		Debug|Win32 = Debug|Win32
		Release|Win32 = Release|Win32
		ReleaseBuild|Win32 = ReleaseBuild|Win32
		Template|Win32 = Template|Win32
	EndGlobalSection
	GlobalSection(ProjectConfigurationPlatforms) = postSolution
		{3557EEC4-9C20-2FE9-A62C-5C1314B00985}.Debug|Win32.ActiveCfg = Debug|Win32
		{3557EEC4-9C20-2FE9-A62C-5C1314B00985}.Debug|Win32.Build.0 = Debug|Win32
		{3557EEC4-9C20-2FE9-A62C-5C1314B00985}.Release|Win32.ActiveCfg = Release|Win32
		{3557EEC4-9C20-2FE9-A62C-5C1314B00985}.Release|Win32.Build.0 = Release|Win32
		{3557EEC4-9C20-2FE9-A62C-5C1314B00985}.ReleaseBuild|Win32.ActiveCfg = Release|Win32
		{3557EEC4-9C20-2FE9-A62C-5C1314B00985}.ReleaseBuild|Win32.Build.0 = Release|Win32
		{3557EEC4-9C20-2FE9-A62C-5C1314B00985}.Template|Win32.ActiveCfg = Release|Win32
		{3557EEC4-9C20-2FE9-A62C-5C1314B00985}.Template|Win32.Build.0 = Release|Win32
		{22047A41-9821-91C6-7BC0-A1B22C3D2FFA}.Debug|Win32.ActiveCfg = Debug|Win32
		{22047A41-9821-91C6-7BC0-A1B22C3D2FFA}.Debug|Win32.Build.0 = Debug|Win32
		{22047A41-9821-91C6-7BC0-A1B22C3D2FFA}.Release|Win32.ActiveCfg = Release|Win32
		{22047A41-9821-91C6-7BC0-A1B22C3D2FFA}.Release|Win32.Build.0 = Release|Win32
		{22047A41-9821-91C6-7BC0-A1B22C3D2FFA}.ReleaseBuild|Win32.ActiveCfg = Release|Win32
		{22047A41-9821-91C6-7BC0-A1B22C3D2FFA}.ReleaseBuild|Win32.Build.0 = Release|Win32
		{22047A41-9821-91C6-7BC0-A1B22C3D2FFA}.Template|Win32.ActiveCfg = Template|Win32
		{22047A41-9821-91C6-7BC0-A1B22C3D2FFA}.Template|Win32.Build.0 = Template|Win32
		{E389779A-1205-E830-BDAD-889635BD0D11}.Debug|Win32.ActiveCfg = Debug|Win32
		{E389779A-1205-E830-BDAD-889635BD0D11}.Debug|Win32.Build.0 = Debug|Win32
		{E389779A-1205-E830-BDAD-889635BD0D11}.Release|Win32.ActiveCfg = Release|Win32
		{E389779A-1205-E830-BDAD-889635BD0D11}.Release|Win32.Build.0 = Release|Win32
		{E389779A-1205-E830-BDAD-889635BD0D11}.ReleaseBuild|Win32.ActiveCfg = Release|Win32
		{E389779A-1205-E830-BDAD-889635BD0D11}.ReleaseBuild|Win32.Build.0 = Release|Win32
		{E389779A-1205-E830-BDAD-889635BD0D11}.Template|Win32.ActiveCfg = Template|Win32
		{E389779A-1205-E830-BDAD-889635BD0D11}.Template|Win32.Build.0 = Template|Win32
		{66DBB7F6-5983-8999-EBE6-0EF389DDFC3C}.Debug|Win32.ActiveCfg = Debug|Win32
		{66DBB7F6-5983-8999-EBE6-0EF389DDFC3C}.Debug|Win32.Build.0 = Debug|Win32
		{66DBB7F6-5983-8999-EBE6-0EF389DDFC3C}.Release|Win32.ActiveCfg = Release|Win32
		{66DBB7F6-5983-8999-EBE6-0EF389DDFC3C}.Release|Win32.Build.0 = Release|Win32
		{66DBB7F6-5983-8999-EBE6-0EF389DDFC3C}.ReleaseBuild|Win32.ActiveCfg = Release|Win32
		{66DBB7F6-5983-8999-EBE6-0EF389DDFC3C}.ReleaseBuild|Win32.Build.0 = Release|Win32
		{66DBB7F6-5983-8999-EBE6-0EF389DDFC3C}.Template|Win32.ActiveCfg = Template|Win32
		{66DBB7F6-5983-8999-EBE6-0EF389DDFC3C}.Template|Win32.Build.0 = Template|Win32
		{1E9274F2-1326-CEAC-975D-7C34ED37D6F6}.Debug|Win32.ActiveCfg = Debug|Win32
		{1E9274F2-1326-CEAC-975D-7C34ED37D6F6}.Debug|Win32.Build.0 = Debug|Win32
		{1E9274F2-1326-CEAC-975D-7C34ED37D6F6}.Release|Win32.ActiveCfg = Release|Win32
		{1E9274F2-1326-CEAC-975D-7C34ED37D6F6}.Release|Win32.Build.0 = Release|Win32
		{1E9274F2-1326-CEAC-975D-7C34ED37D6F6}.ReleaseBuild|Win32.ActiveCfg = ReleaseBuild|Win32
		{1E9274F2-1326-CEAC-975D-7C34ED37D6F6}.ReleaseBuild|Win32.Build.0 = ReleaseBuild|Win32
		{1E9274F2-1326-CEAC-975D-7C34ED37D6F6}.Template|Win32.ActiveCfg = Template|Win32
		{1E9274F2-1326-CEAC-975D-7C34ED37D6F6}.Template|Win32.Build.0 = Template|Win32
		{7DC65143-6921-F8C9-7C38-2DDE71BB1A10}.Debug|Win32.ActiveCfg = Debug|Win32
		{7DC65143-6921-F8C9-7C38-2DDE71BB1A10}.Debug|Win32.Build.0 = Debug|Win32
		{7DC65143-6921-F8C9-7C38-2DDE71BB1A10}.Release|Win32.ActiveCfg = Release|Win32
		{7DC65143-6921-F8C9-7C38-2DDE71BB1A10}.Release|Win32.Build.0 = Release|Win32
		{7DC65143-6921-F8C9-7C38-2DDE71BB1A10}.ReleaseBuild|Win32.ActiveCfg = Release|Win32
		{7DC65143-6921-F8C9-7C38-2DDE71BB1A10}.ReleaseBuild|Win32.Build.0 = Release|Win32
		{7DC65143-6921-F8C9-7C38-2DDE71BB1A10}.Template|Win32.ActiveCfg = Template|Win32
		{7DC65143-6921-F8C9-7C38-2DDE71BB1A10}.Template|Win32.Build.0 = Template|Win32
		{C40D41AB-93A4-108B-0366-CC557074E996}.Debug|Win32.ActiveCfg = Debug|Win32
		{C40D41AB-93A4-108B-0366-CC557074E996}.Debug|Win32.Build.0 = Debug|Win32
		{C40D41AB-93A4-108B-0366-CC557074E996}.Release|Win32.ActiveCfg = Release|Win32
		{C40D41AB-93A4-108B-0366-CC557074E996}.Release|Win32.Build.0 = Release|Win32
		{C40D41AB-93A4-108B-0366-CC557074E996}.ReleaseBuild|Win32.ActiveCfg = Release|Win32
		{C40D41AB-93A4-108B-0366-CC557074E996}.ReleaseBuild|Win32.Build.0 = Release|Win32
		{C40D41AB-93A4-108B-0366-CC557074E996}.Template|Win32.ActiveCfg = Template|Win32
		{C40D41AB-93A4-108B-0366-CC557074E996}.Template|Win32.Build.0 = Template|Win32
		{49DF53F2-C356-6185-22F2-E083FC29B7A3}.Debug|Win32.ActiveCfg = Debug|Win32
		{49DF53F2-C356-6185-22F2-E083FC29B7A3}.Debug|Win32.Build.0 = Debug|Win32
		{49DF53F2-C356-6185-22F2-E083FC29B7A3}.Release|Win32.ActiveCfg = Release|Win32
		{49DF53F2-C356-6185-22F2-E083FC29B7A3}.Release|Win32.Build.0 = Release|Win32
		{49DF53F2-C356-6185-22F2-E083FC29B7A3}.ReleaseBuild|Win32.ActiveCfg = Release|Win32
		{49DF53F2-C356-6185-22F2-E083FC29B7A3}.ReleaseBuild|Win32.Build.0 = Release|Win32
		{49DF53F2-C356-6185-22F2-E083FC29B7A3}.Template|Win32.ActiveCfg = Template|Win32
		{49DF53F2-C356-6185-22F2-E083FC29B7A3}.Template|Win32.Build.0 = Template|Win32
		{1A622BA3-F1C6-8E37-2D38-7F3F4EFA06B9}.Debug|Win32.ActiveCfg = Debug|Win32
		{1A622BA3-F1C6-8E37-2D38-7F3F4EFA06B9}.Debug|Win32.Build.0 = Debug|Win32
		{1A622BA3-F1C6-8E37-2D38-7F3F4EFA06B9}.Release|Win32.ActiveCfg = Release|Win32
		{1A622BA3-F1C6-8E37-2D38-7F3F4EFA06B9}.Release|Win32.Build.0 = Release|Win32
		{1A622BA3-F1C6-8E37-2D38-7F3F4EFA06B9}.ReleaseBuild|Win32.ActiveCfg = Release|Win32
		{1A622BA3-F1C6-8E37-2D38-7F3F4EFA06B9}.ReleaseBuild|Win32.Build.0 = Release|Win32
		{1A622BA3-F1C6-8E37-2D38-7F3F4EFA06B9}.Template|Win32.ActiveCfg = Template|Win32
		{1A622BA3-F1C6-8E37-2D38-7F3F4EFA06B9}.Template|Win32.Build.0 = Template|Win32
		{6549A5DC-7813-81B6-F2C5-C136894C6CB9}.Debug|Win32.ActiveCfg = Debug|Win32
		{6549A5DC-7813-81B6-F2C5-C136894C6CB9}.Debug|Win32.Build.0 = Debug|Win32
		{6549A5DC-7813-81B6-F2C5-C136894C6CB9}.Release|Win32.ActiveCfg = Release|Win32
		{6549A5DC-7813-81B6-F2C5-C136894C6CB9}.Release|Win32.Build.0 = Release|Win32
		{6549A5DC-7813-81B6-F2C5-C136894C6CB9}.ReleaseBuild|Win32.ActiveCfg = Release|Win32
		{6549A5DC-7813-81B6-F2C5-C136894C6CB9}.ReleaseBuild|Win32.Build.0 = Release|Win32
		{6549A5DC-7813-81B6-F2C5-C136894C6CB9}.Template|Win32.ActiveCfg = Template|Win32
		{6549A5DC-7813-81B6-F2C5-C136894C6CB9}.Template|Win32.Build.0 = Template|Win32
		{F572F1CB-69F0-29CB-7232-B9FF881BC8F3}.Debug|Win32.ActiveCfg = Debug|Win32
		{F572F1CB-69F0-29CB-7232-B9FF881BC8F3}.Debug|Win32.Build.0 = Debug|Win32
		{F572F1CB-69F0-29CB-7232-B9FF881BC8F3}.Release|Win32.ActiveCfg = Release|Win32
		{F572F1CB-69F0-29CB-7232-B9FF881BC8F3}.Release|Win32.Build.0 = Release|Win32
		{F572F1CB-69F0-29CB-7232-B9FF881BC8F3}.ReleaseBuild|Win32.ActiveCfg = Release|Win32
		{F572F1CB-69F0-29CB-7232-B9FF881BC8F3}.ReleaseBuild|Win32.Build.0 = Release|Win32
		{F572F1CB-69F0-29CB-7232-B9FF881BC8F3}.Template|Win32.ActiveCfg = Template|Win32
		{F572F1CB-69F0-29CB-7232-B9FF881BC8F3}.Template|Win32.Build.0 = Template|Win32
		{AE8C07FE-4C4C-7BF6-4958-01C9DB833EF6}.Debug|Win32.ActiveCfg = Debug|Win32
		{AE8C07FE-4C4C-7BF6-4958-01C9DB833EF6}.Debug|Win32.Build.0 = Debug|Win32
		{AE8C07FE-4C4C-7BF6-4958-01C9DB833EF6}.Release|Win32.ActiveCfg = Release|Win32
		{AE8C07FE-4C4C-7BF6-4958-01C9DB833EF6}.Release|Win32.Build.0 = Release|Win32
		{AE8C07FE-4C4C-7BF6-4958-01C9DB833EF6}.ReleaseBuild|Win32.ActiveCfg = Release|Win32
		{AE8C07FE-4C4C-7BF6-4958-01C9DB833EF6}.ReleaseBuild|Win32.Build.0 = Release|Win32
		{AE8C07FE-4C4C-7BF6-4958-01C9DB833EF6}.Template|Win32.ActiveCfg = Template|Win32
		{AE8C07FE-4C4C-7BF6-4958-01C9DB833EF6}.Template|Win32.Build.0 = Template|Win32
	EndGlobalSection
	GlobalSection(SolutionProperties) = preSolution
		HideSolutionNode = FALSE
	EndGlobalSection
EndGlobal
