<?xml version="1.0" encoding="utf-8"?>
<Project ToolsVersion="4.0" xmlns="http://schemas.microsoft.com/developer/msbuild/2003">
  <ItemGroup>
    <Filter Include="Source Files">
      <UniqueIdentifier>{97ea3a88-3b1f-41f5-b4f5-3584c7dd7185}</UniqueIdentifier>
      <Extensions>cpp;c;cxx;rc;def;r;odl;idl;hpj;bat</Extensions>
    </Filter>
    <Filter Include="Header Files">
      <UniqueIdentifier>{5709f79d-4e5c-4f12-9c56-8f2110731e28}</UniqueIdentifier>
      <Extensions>h;hpp;hxx;hm;inl</Extensions>
    </Filter>
    <Filter Include="Resource Files">
      <UniqueIdentifier>{963bee07-61f1-4fef-bfaa-fd31de049ca4}</UniqueIdentifier>
      <Extensions>ico;cur;bmp;dlg;rc2;rct;bin;rgs;gif;jpg;jpeg;jpe</Extensions>
    </Filter>
  </ItemGroup>
  <ItemGroup>
    <ClCompile Include="Binder.cpp">
      <Filter>Source Files</Filter>
    </ClCompile>
    <ClCompile Include="BinderDropTarget.cpp">
      <Filter>Source Files</Filter>
    </ClCompile>
    <ClCompile Include="BinderPlugin.cpp">
      <Filter>Source Files</Filter>
    </ClCompile>
    <ClCompile Include="BinderWnd.cpp">
      <Filter>Source Files</Filter>
    </ClCompile>
    <ClCompile Include="BregExpRap.cpp">
      <Filter>Source Files</Filter>
    </ClCompile>
    <ClCompile Include="InpBinderNameDlg.cpp">
      <Filter>Source Files</Filter>
    </ClCompile>
    <ClCompile Include="StdAfx.cpp">
      <Filter>Source Files</Filter>
    </ClCompile>
  </ItemGroup>
  <ItemGroup>
    <ResourceCompile Include="BinderPlugin.rc">
      <Filter>Source Files</Filter>
    </ResourceCompile>
  </ItemGroup>
  <ItemGroup>
    <ClInclude Include="Binder.h">
      <Filter>Header Files</Filter>
    </ClInclude>
    <ClInclude Include="BinderDropTarget.h">
      <Filter>Header Files</Filter>
    </ClInclude>
    <ClInclude Include="BinderPlugin.h">
      <Filter>Header Files</Filter>
    </ClInclude>
    <ClInclude Include="BinderWnd.h">
      <Filter>Header Files</Filter>
    </ClInclude>
    <ClInclude Include="BregExpRap.h">
      <Filter>Header Files</Filter>
    </ClInclude>
    <ClInclude Include="InpBinderNameDlg.h">
      <Filter>Header Files</Filter>
    </ClInclude>
    <ClInclude Include="Resource.h">
      <Filter>Header Files</Filter>
    </ClInclude>
    <ClInclude Include="StdAfx.h">
      <Filter>Header Files</Filter>
    </ClInclude>
  </ItemGroup>
  <ItemGroup>
    <CustomBuild Include="BinderPlugin.def">
      <Filter>Source Files</Filter>
    </CustomBuild>
    <CustomBuild Include="res\BinderPlugin.rc2">
      <Filter>Resource Files</Filter>
    </CustomBuild>
    <CustomBuild Include="res\bitmap1.bmp">
      <Filter>Resource Files</Filter>
    </CustomBuild>
    <CustomBuild Include="toolbar1.bmp">
      <Filter>Resource Files</Filter>
    </CustomBuild>
    <CustomBuild Include="res\ToolBar256.bmp">
      <Filter>Resource Files</Filter>
    </CustomBuild>
    <CustomBuild Include="res\treeicon.bmp">
      <Filter>Resource Files</Filter>
    </CustomBuild>
    <CustomBuild Include="ReadMe.txt" />
  </ItemGroup>
</Project>