<?xml version="1.0" encoding="utf-8"?>
<Project ToolsVersion="4.0" xmlns="http://schemas.microsoft.com/developer/msbuild/2003">
  <ItemGroup>
    <Filter Include="Source Files">
      <UniqueIdentifier>{2faf144f-3be6-47a6-b2dd-89d304ccaebe}</UniqueIdentifier>
      <Extensions>cpp;c;cxx;rc;def;r;odl;idl;hpj;bat</Extensions>
    </Filter>
    <Filter Include="Header Files">
      <UniqueIdentifier>{6fb029bf-b9a1-4f49-9a7b-2a29a98141b8}</UniqueIdentifier>
      <Extensions>h;hpp;hxx;hm;inl</Extensions>
    </Filter>
    <Filter Include="Resource Files">
      <UniqueIdentifier>{f12d6173-5dd0-43c7-a0c7-9c65bbd7498e}</UniqueIdentifier>
      <Extensions>ico;cur;bmp;dlg;rc2;rct;bin;rgs;gif;jpg;jpeg;jpe</Extensions>
    </Filter>
  </ItemGroup>
  <ItemGroup>
    <ClCompile Include="AbstractBaseWnd.cpp">
      <Filter>Source Files</Filter>
    </ClCompile>
    <ClCompile Include="AbstractWikiWnd.cpp">
      <Filter>Source Files</Filter>
    </ClCompile>
    <ClCompile Include="AnalisysWiki.cpp">
      <Filter>Source Files</Filter>
    </ClCompile>
    <ClCompile Include="AppSetPage1.cpp">
      <Filter>Source Files</Filter>
    </ClCompile>
    <ClCompile Include="AppSetPage2.cpp">
      <Filter>Source Files</Filter>
    </ClCompile>
    <ClCompile Include="AppSetPage3.cpp">
      <Filter>Source Files</Filter>
    </ClCompile>
    <ClCompile Include="AppSetPage4.cpp">
      <Filter>Source Files</Filter>
    </ClCompile>
    <ClCompile Include="AppSetPage5.cpp">
      <Filter>Source Files</Filter>
    </ClCompile>
    <ClCompile Include="AppSetPage6.cpp">
      <Filter>Source Files</Filter>
    </ClCompile>
    <ClCompile Include="AppSetPage7.cpp">
      <Filter>Source Files</Filter>
    </ClCompile>
    <ClCompile Include="AppSetPage8.cpp">
      <Filter>Source Files</Filter>
    </ClCompile>
    <ClCompile Include="AppSetPage9.cpp">
      <Filter>Source Files</Filter>
    </ClCompile>
    <ClCompile Include="CalenderWnd.cpp">
      <Filter>Source Files</Filter>
    </ClCompile>
    <ClCompile Include="CalView.cpp">
      <Filter>Source Files</Filter>
    </ClCompile>
    <ClCompile Include="ChartWnd.cpp">
      <Filter>Source Files</Filter>
    </ClCompile>
    <ClCompile Include="DlgAppSet.cpp">
      <Filter>Source Files</Filter>
    </ClCompile>
    <ClCompile Include="DlgDateInp.cpp">
      <Filter>Source Files</Filter>
    </ClCompile>
    <ClCompile Include="DlgFixData.cpp">
      <Filter>Source Files</Filter>
    </ClCompile>
    <ClCompile Include="DlgFixDataPage1.cpp">
      <Filter>Source Files</Filter>
    </ClCompile>
    <ClCompile Include="DlgFixDataPage2.cpp">
      <Filter>Source Files</Filter>
    </ClCompile>
    <ClCompile Include="DlgFixDataPage3.cpp">
      <Filter>Source Files</Filter>
    </ClCompile>
    <ClCompile Include="DlgFixDataPage4.cpp">
      <Filter>Source Files</Filter>
    </ClCompile>
    <ClCompile Include="DlgImpUrlInp.cpp">
      <Filter>Source Files</Filter>
    </ClCompile>
    <ClCompile Include="DlgInfo.cpp">
      <Filter>Source Files</Filter>
    </ClCompile>
    <ClCompile Include="DlgInpWikiPage.cpp">
      <Filter>Source Files</Filter>
    </ClCompile>
    <ClCompile Include="DlgPluginExport.cpp">
      <Filter>Source Files</Filter>
    </ClCompile>
    <ClCompile Include="DlgPwInp.cpp">
      <Filter>Source Files</Filter>
    </ClCompile>
    <ClCompile Include="DlgToDay.cpp">
      <Filter>Source Files</Filter>
    </ClCompile>
    <ClCompile Include="DlgToDoInp.cpp">
      <Filter>Source Files</Filter>
    </ClCompile>
    <ClCompile Include="DlgWikiInp.cpp">
      <Filter>Source Files</Filter>
    </ClCompile>
    <ClCompile Include="DlgWikiProp.cpp">
      <Filter>Source Files</Filter>
    </ClCompile>
    <ClCompile Include="EvDatBase.cpp">
      <Filter>Source Files</Filter>
    </ClCompile>
    <ClCompile Include="EventDate.cpp">
      <Filter>Source Files</Filter>
    </ClCompile>
    <ClCompile Include="FindWnd.cpp">
      <Filter>Source Files</Filter>
    </ClCompile>
    <ClCompile Include="FixedData.cpp">
      <Filter>Source Files</Filter>
    </ClCompile>
    <ClCompile Include="FixHtmlView.cpp">
      <Filter>Source Files</Filter>
    </ClCompile>
    <ClCompile Include="InfoTabView.cpp">
      <Filter>Source Files</Filter>
    </ClCompile>
    <ClCompile Include="InfoView.cpp">
      <Filter>Source Files</Filter>
    </ClCompile>
    <ClCompile Include="MainFrm.cpp">
      <Filter>Source Files</Filter>
    </ClCompile>
    <ClCompile Include="MimeType.cpp">
      <Filter>Source Files</Filter>
    </ClCompile>
    <ClCompile Include="PersonalWiki.cpp">
      <Filter>Source Files</Filter>
    </ClCompile>
    <ClCompile Include="PreviewHtmlView.cpp">
      <Filter>Source Files</Filter>
    </ClCompile>
    <ClCompile Include="PWikiDoc.cpp">
      <Filter>Source Files</Filter>
    </ClCompile>
    <ClCompile Include="PWikiIniFile.cpp">
      <Filter>Source Files</Filter>
    </ClCompile>
    <ClCompile Include="PWikiPlgList.cpp">
      <Filter>Source Files</Filter>
    </ClCompile>
    <ClCompile Include="PWikiPlugin.cpp">
      <Filter>Source Files</Filter>
    </ClCompile>
    <ClCompile Include="PWikiPluginException.cpp">
      <Filter>Source Files</Filter>
    </ClCompile>
    <ClCompile Include="PWikiView.cpp">
      <Filter>Source Files</Filter>
    </ClCompile>
    <ClCompile Include="ScDateData.cpp">
      <Filter>Source Files</Filter>
    </ClCompile>
    <ClCompile Include="StdAfx.cpp">
      <Filter>Source Files</Filter>
    </ClCompile>
    <ClCompile Include="TodoData.cpp">
      <Filter>Source Files</Filter>
    </ClCompile>
    <ClCompile Include="ToDoView.cpp">
      <Filter>Source Files</Filter>
    </ClCompile>
    <ClCompile Include="WikiEditWnd.cpp">
      <Filter>Source Files</Filter>
    </ClCompile>
    <ClCompile Include="WikiWnd.cpp">
      <Filter>Source Files</Filter>
    </ClCompile>
  </ItemGroup>
  <ItemGroup>
    <ResourceCompile Include="PersonalWiki.rc">
      <Filter>Source Files</Filter>
    </ResourceCompile>
  </ItemGroup>
  <ItemGroup>
    <ClInclude Include="AbstractBaseWnd.h">
      <Filter>Header Files</Filter>
    </ClInclude>
    <ClInclude Include="AbstractWikiWnd.h">
      <Filter>Header Files</Filter>
    </ClInclude>
    <ClInclude Include="AnalisysWiki.h">
      <Filter>Header Files</Filter>
    </ClInclude>
    <ClInclude Include="AppSetPage1.h">
      <Filter>Header Files</Filter>
    </ClInclude>
    <ClInclude Include="AppSetPage2.h">
      <Filter>Header Files</Filter>
    </ClInclude>
    <ClInclude Include="AppSetPage3.h">
      <Filter>Header Files</Filter>
    </ClInclude>
    <ClInclude Include="AppSetPage4.h">
      <Filter>Header Files</Filter>
    </ClInclude>
    <ClInclude Include="AppSetPage5.h">
      <Filter>Header Files</Filter>
    </ClInclude>
    <ClInclude Include="AppSetPage6.h">
      <Filter>Header Files</Filter>
    </ClInclude>
    <ClInclude Include="AppSetPage7.h">
      <Filter>Header Files</Filter>
    </ClInclude>
    <ClInclude Include="AppSetPage8.h">
      <Filter>Header Files</Filter>
    </ClInclude>
    <ClInclude Include="AppSetPage9.h">
      <Filter>Header Files</Filter>
    </ClInclude>
    <ClInclude Include="CalenderWnd.h">
      <Filter>Header Files</Filter>
    </ClInclude>
    <ClInclude Include="CalView.h">
      <Filter>Header Files</Filter>
    </ClInclude>
    <ClInclude Include="ChartWnd.h">
      <Filter>Header Files</Filter>
    </ClInclude>
    <ClInclude Include="DlgAppSet.h">
      <Filter>Header Files</Filter>
    </ClInclude>
    <ClInclude Include="DlgDateInp.h">
      <Filter>Header Files</Filter>
    </ClInclude>
    <ClInclude Include="DlgFixData.h">
      <Filter>Header Files</Filter>
    </ClInclude>
    <ClInclude Include="DlgFixDataPage1.h">
      <Filter>Header Files</Filter>
    </ClInclude>
    <ClInclude Include="DlgFixDataPage2.h">
      <Filter>Header Files</Filter>
    </ClInclude>
    <ClInclude Include="DlgFixDataPage3.h">
      <Filter>Header Files</Filter>
    </ClInclude>
    <ClInclude Include="DlgFixDataPage4.h">
      <Filter>Header Files</Filter>
    </ClInclude>
    <ClInclude Include="DlgImpUrlInp.h">
      <Filter>Header Files</Filter>
    </ClInclude>
    <ClInclude Include="DlgInfo.h">
      <Filter>Header Files</Filter>
    </ClInclude>
    <ClInclude Include="DlgInpWikiPage.h">
      <Filter>Header Files</Filter>
    </ClInclude>
    <ClInclude Include="DlgPluginExport.h">
      <Filter>Header Files</Filter>
    </ClInclude>
    <ClInclude Include="DlgPwInp.h">
      <Filter>Header Files</Filter>
    </ClInclude>
    <ClInclude Include="DlgToDay.h">
      <Filter>Header Files</Filter>
    </ClInclude>
    <ClInclude Include="DlgToDoInp.h">
      <Filter>Header Files</Filter>
    </ClInclude>
    <ClInclude Include="DlgWikiInp.h">
      <Filter>Header Files</Filter>
    </ClInclude>
    <ClInclude Include="DlgWikiProp.h">
      <Filter>Header Files</Filter>
    </ClInclude>
    <ClInclude Include="EvDatBase.h">
      <Filter>Header Files</Filter>
    </ClInclude>
    <ClInclude Include="EventDate.h">
      <Filter>Header Files</Filter>
    </ClInclude>
    <ClInclude Include="FindWnd.h">
      <Filter>Header Files</Filter>
    </ClInclude>
    <ClInclude Include="FixedData.h">
      <Filter>Header Files</Filter>
    </ClInclude>
    <ClInclude Include="FixHtmlView.h">
      <Filter>Header Files</Filter>
    </ClInclude>
    <ClInclude Include="InfoTabView.h">
      <Filter>Header Files</Filter>
    </ClInclude>
    <ClInclude Include="InfoView.h">
      <Filter>Header Files</Filter>
    </ClInclude>
    <ClInclude Include="MainFrm.h">
      <Filter>Header Files</Filter>
    </ClInclude>
    <ClInclude Include="MimeType.h">
      <Filter>Header Files</Filter>
    </ClInclude>
    <ClInclude Include="PersonalWiki.h">
      <Filter>Header Files</Filter>
    </ClInclude>
    <ClInclude Include="PreviewHtmlView.h">
      <Filter>Header Files</Filter>
    </ClInclude>
    <ClInclude Include="PWikiDoc.h">
      <Filter>Header Files</Filter>
    </ClInclude>
    <ClInclude Include="PWikiIniFile.h">
      <Filter>Header Files</Filter>
    </ClInclude>
    <ClInclude Include="PWikiPlgList.h">
      <Filter>Header Files</Filter>
    </ClInclude>
    <ClInclude Include="..\Plugin\include\PWikiPlugin.h">
      <Filter>Header Files</Filter>
    </ClInclude>
    <ClInclude Include="PWikiPlugin.h">
      <Filter>Header Files</Filter>
    </ClInclude>
    <ClInclude Include="PWikiPluginException.h">
      <Filter>Header Files</Filter>
    </ClInclude>
    <ClInclude Include="PWikiView.h">
      <Filter>Header Files</Filter>
    </ClInclude>
    <ClInclude Include="Resource.h">
      <Filter>Header Files</Filter>
    </ClInclude>
    <ClInclude Include="ScDateData.h">
      <Filter>Header Files</Filter>
    </ClInclude>
    <ClInclude Include="StdAfx.h">
      <Filter>Header Files</Filter>
    </ClInclude>
    <ClInclude Include="TodoData.h">
      <Filter>Header Files</Filter>
    </ClInclude>
    <ClInclude Include="ToDoView.h">
      <Filter>Header Files</Filter>
    </ClInclude>
    <ClInclude Include="WikiEditWnd.h">
      <Filter>Header Files</Filter>
    </ClInclude>
    <ClInclude Include="WikiWnd.h">
      <Filter>Header Files</Filter>
    </ClInclude>
  </ItemGroup>
  <ItemGroup>
    <CustomBuild Include="res\bitmap1.bmp">
      <Filter>Resource Files</Filter>
    </CustomBuild>
    <CustomBuild Include="res\bmp00001.bmp">
      <Filter>Resource Files</Filter>
    </CustomBuild>
    <CustomBuild Include="res\DlgWikiInp.bmp">
      <Filter>Resource Files</Filter>
    </CustomBuild>
    <CustomBuild Include="res\DlgWikiInp256.bmp">
      <Filter>Resource Files</Filter>
    </CustomBuild>
    <CustomBuild Include="res\icon2.ico">
      <Filter>Resource Files</Filter>
    </CustomBuild>
    <CustomBuild Include="res\MainToolBar.bmp">
      <Filter>Resource Files</Filter>
    </CustomBuild>
    <CustomBuild Include="res\PersonalWiki.ico">
      <Filter>Resource Files</Filter>
    </CustomBuild>
    <CustomBuild Include="res\PersonalWiki.rc2">
      <Filter>Resource Files</Filter>
    </CustomBuild>
    <CustomBuild Include="res\PWikiDoc.ico">
      <Filter>Resource Files</Filter>
    </CustomBuild>
    <CustomBuild Include="res\ToDoState.bmp">
      <Filter>Resource Files</Filter>
    </CustomBuild>
    <CustomBuild Include="res\Toolbar.bmp">
      <Filter>Resource Files</Filter>
    </CustomBuild>
    <CustomBuild Include="res\toolbar1.bmp">
      <Filter>Resource Files</Filter>
    </CustomBuild>
    <CustomBuild Include="res\WikiMenu.bmp">
      <Filter>Resource Files</Filter>
    </CustomBuild>
    <CustomBuild Include="res\WikiMenu256.bmp">
      <Filter>Resource Files</Filter>
    </CustomBuild>
    <CustomBuild Include="res\WikiTree.bmp">
      <Filter>Resource Files</Filter>
    </CustomBuild>
    <CustomBuild Include="ReadMe.txt" />
  </ItemGroup>
</Project>